
Microsoft Visual Studio Solution File, Format Version 12.00
# Visual Studio 15
VisualStudioVersion = 15.0.26430.16
MinimumVisualStudioVersion = 10.0.40219.1
Project("{FAE04EC0-301F-11D3-BF4B-00C04F79EFBC}") = "Competition", "Competition\Competition.csproj", "{0EEFFE88-2831-4B36-958C-01A9A6918067}"
EndProject
Project("{FAE04EC0-301F-11D3-BF4B-00C04F79EFBC}") = "TestProject", "TestProject\TestProject.csproj", "{784CA846-6453-43AD-A982-E31BF6E9BCC3}"
EndProject
Project("{FAE04EC0-301F-11D3-BF4B-00C04F79EFBC}") = "AngularJSAuthentication.Web", "..\Downloads\AngularJSAuthentication-master\AngularJSAuthentication-master\AngularJSAuthentication.Web\AngularJSAuthentication.Web.csproj", "{E4156422-2684-4222-95C2-4B9AE4CBA7E3}"
EndProject
Project("{FAE04EC0-301F-11D3-BF4B-00C04F79EFBC}") = "AngularJSAuthentication.ResourceServer", "..\Downloads\AngularJSAuthentication-master\AngularJSAuthentication-master\AngularJSAuthentication.ResourceServer\AngularJSAuthentication.ResourceServer.csproj", "{69BC6280-CF91-409C-81BF-28B95417ACBF}"
EndProject
Global
	GlobalSection(SolutionConfigurationPlatforms) = preSolution
		Debug|Any CPU = Debug|Any CPU
		Release|Any CPU = Release|Any CPU
	EndGlobalSection
	GlobalSection(ProjectConfigurationPlatforms) = postSolution
		{0EEFFE88-2831-4B36-958C-01A9A6918067}.Debug|Any CPU.ActiveCfg = Debug|Any CPU
		{0EEFFE88-2831-4B36-958C-01A9A6918067}.Debug|Any CPU.Build.0 = Debug|Any CPU
		{0EEFFE88-2831-4B36-958C-01A9A6918067}.Release|Any CPU.ActiveCfg = Release|Any CPU
		{0EEFFE88-2831-4B36-958C-01A9A6918067}.Release|Any CPU.Build.0 = Release|Any CPU
		{784CA846-6453-43AD-A982-E31BF6E9BCC3}.Debug|Any CPU.ActiveCfg = Debug|Any CPU
		{784CA846-6453-43AD-A982-E31BF6E9BCC3}.Debug|Any CPU.Build.0 = Debug|Any CPU
		{784CA846-6453-43AD-A982-E31BF6E9BCC3}.Release|Any CPU.ActiveCfg = Release|Any CPU
		{784CA846-6453-43AD-A982-E31BF6E9BCC3}.Release|Any CPU.Build.0 = Release|Any CPU
		{E4156422-2684-4222-95C2-4B9AE4CBA7E3}.Debug|Any CPU.ActiveCfg = Debug|Any CPU
		{E4156422-2684-4222-95C2-4B9AE4CBA7E3}.Debug|Any CPU.Build.0 = Debug|Any CPU
		{E4156422-2684-4222-95C2-4B9AE4CBA7E3}.Release|Any CPU.ActiveCfg = Release|Any CPU
		{E4156422-2684-4222-95C2-4B9AE4CBA7E3}.Release|Any CPU.Build.0 = Release|Any CPU
		{69BC6280-CF91-409C-81BF-28B95417ACBF}.Debug|Any CPU.ActiveCfg = Debug|Any CPU
		{69BC6280-CF91-409C-81BF-28B95417ACBF}.Debug|Any CPU.Build.0 = Debug|Any CPU
		{69BC6280-CF91-409C-81BF-28B95417ACBF}.Release|Any CPU.ActiveCfg = Release|Any CPU
		{69BC6280-CF91-409C-81BF-28B95417ACBF}.Release|Any CPU.Build.0 = Release|Any CPU
	EndGlobalSection
	GlobalSection(SolutionProperties) = preSolution
		HideSolutionNode = FALSE
	EndGlobalSection
EndGlobal
